
Microsoft Visual Studio Solution File, Format Version 12.00
Project("{FAE04EC0-301F-11D3-BF4B-00C04F79EFBC}") = "dotnet-format", "src\dotnet-format\dotnet-format.csproj", "{BE335977-1735-441A-AB3F-0A4D16D23C86}"
EndProject
Global
	GlobalSection(SolutionConfigurationPlatforms) = preSolution
		Debug|Any CPU = Debug|Any CPU
		Release|Any CPU = Release|Any CPU
	EndGlobalSection
	GlobalSection(ProjectConfigurationPlatforms) = postSolution
		{BE335977-1735-441A-AB3F-0A4D16D23C86}.Debug|Any CPU.ActiveCfg = Debug|Any CPU
		{BE335977-1735-441A-AB3F-0A4D16D23C86}.Debug|Any CPU.Build.0 = Debug|Any CPU
		{BE335977-1735-441A-AB3F-0A4D16D23C86}.Release|Any CPU.ActiveCfg = Release|Any CPU
		{BE335977-1735-441A-AB3F-0A4D16D23C86}.Release|Any CPU.Build.0 = Release|Any CPU
	EndGlobalSection
EndGlobal
